
Microsoft Visual Studio Solution File, Format Version 11.00
# Visual Studio 2010
Project("{FAE04EC0-301F-11D3-BF4B-00C04F79EFBC}") = "Assembly-CSharp", "Assembly-CSharp.csproj", "{93C1F8E8-6EBA-F40F-B4FB-CE6044D378A5}"
EndProject
Project("{FAE04EC0-301F-11D3-BF4B-00C04F79EFBC}") = "Assembly-CSharp-Editor", "Assembly-CSharp-Editor.csproj", "{3DAD46C7-C1FD-C8B3-325D-A076826F47CB}"
EndProject
Global
	GlobalSection(SolutionConfigurationPlatforms) = preSolution
		Debug|Any CPU = Debug|Any CPU
		Release|Any CPU = Release|Any CPU
	EndGlobalSection
	GlobalSection(ProjectConfigurationPlatforms) = postSolution
		{93C1F8E8-6EBA-F40F-B4FB-CE6044D378A5}.Debug|Any CPU.ActiveCfg = Debug|Any CPU
		{93C1F8E8-6EBA-F40F-B4FB-CE6044D378A5}.Debug|Any CPU.Build.0 = Debug|Any CPU
		{93C1F8E8-6EBA-F40F-B4FB-CE6044D378A5}.Release|Any CPU.ActiveCfg = Release|Any CPU
		{93C1F8E8-6EBA-F40F-B4FB-CE6044D378A5}.Release|Any CPU.Build.0 = Release|Any CPU
		{3DAD46C7-C1FD-C8B3-325D-A076826F47CB}.Debug|Any CPU.ActiveCfg = Debug|Any CPU
		{3DAD46C7-C1FD-C8B3-325D-A076826F47CB}.Debug|Any CPU.Build.0 = Debug|Any CPU
		{3DAD46C7-C1FD-C8B3-325D-A076826F47CB}.Release|Any CPU.ActiveCfg = Release|Any CPU
		{3DAD46C7-C1FD-C8B3-325D-A076826F47CB}.Release|Any CPU.Build.0 = Release|Any CPU
	EndGlobalSection
	GlobalSection(SolutionProperties) = preSolution
		HideSolutionNode = FALSE
	EndGlobalSection
EndGlobal
